
Microsoft Visual Studio Solution File, Format Version 12.00
# Visual Studio Version 17
VisualStudioVersion = 17.0.31912.275
MinimumVisualStudioVersion = 10.0.40219.1
Project("{9A19103F-16F7-4668-BE54-9A1E7A4F7556}") = "Day1_InverseCaptcha", "Day1_InverseCaptcha\Day1_InverseCaptcha.csproj", "{DE17AE22-0023-41FB-8D61-BCC3197F484D}"
EndProject
Project("{9A19103F-16F7-4668-BE54-9A1E7A4F7556}") = "SantasToolbox", "SantasToolbox\SantasToolbox.csproj", "{460D6357-486B-48A0-A952-A7015BFCB906}"
EndProject
Project("{9A19103F-16F7-4668-BE54-9A1E7A4F7556}") = "SantasToolBoxTests", "SantasToolBoxTests\SantasToolBoxTests.csproj", "{29B87691-90DB-41C8-9D19-4B8EE5D9741C}"
EndProject
Project("{9A19103F-16F7-4668-BE54-9A1E7A4F7556}") = "Day_Template", "Day_Template\Day_Template.csproj", "{5BDABAFF-024D-45D2-BEF1-82AA17850418}"
EndProject
Project("{9A19103F-16F7-4668-BE54-9A1E7A4F7556}") = "Day2_Checksum", "Day2_Checksum\Day2_Checksum.csproj", "{D5FCD900-DE8E-4AE4-9E2E-F8D67B0BFECB}"
EndProject
Project("{9A19103F-16F7-4668-BE54-9A1E7A4F7556}") = "Day3_Spiral", "Day3_Spiral\Day3_Spiral.csproj", "{225CC759-0461-4304-A11C-5D85F60247AD}"
EndProject
Project("{9A19103F-16F7-4668-BE54-9A1E7A4F7556}") = "Day4_Passphrases", "Day4_Passphrases\Day4_Passphrases.csproj", "{92A71A5D-3C3F-42FB-9972-63B25AD80C54}"
EndProject
Project("{9A19103F-16F7-4668-BE54-9A1E7A4F7556}") = "Day5_JumpMaze", "Day5_JumpMaze\Day5_JumpMaze.csproj", "{F57E0760-7DE5-407D-8640-B07F8A48ED99}"
EndProject
Global
	GlobalSection(SolutionConfigurationPlatforms) = preSolution
		Debug|Any CPU = Debug|Any CPU
		Release|Any CPU = Release|Any CPU
	EndGlobalSection
	GlobalSection(ProjectConfigurationPlatforms) = postSolution
		{DE17AE22-0023-41FB-8D61-BCC3197F484D}.Debug|Any CPU.ActiveCfg = Debug|Any CPU
		{DE17AE22-0023-41FB-8D61-BCC3197F484D}.Debug|Any CPU.Build.0 = Debug|Any CPU
		{DE17AE22-0023-41FB-8D61-BCC3197F484D}.Release|Any CPU.ActiveCfg = Release|Any CPU
		{DE17AE22-0023-41FB-8D61-BCC3197F484D}.Release|Any CPU.Build.0 = Release|Any CPU
		{460D6357-486B-48A0-A952-A7015BFCB906}.Debug|Any CPU.ActiveCfg = Debug|Any CPU
		{460D6357-486B-48A0-A952-A7015BFCB906}.Debug|Any CPU.Build.0 = Debug|Any CPU
		{460D6357-486B-48A0-A952-A7015BFCB906}.Release|Any CPU.ActiveCfg = Release|Any CPU
		{460D6357-486B-48A0-A952-A7015BFCB906}.Release|Any CPU.Build.0 = Release|Any CPU
		{29B87691-90DB-41C8-9D19-4B8EE5D9741C}.Debug|Any CPU.ActiveCfg = Debug|Any CPU
		{29B87691-90DB-41C8-9D19-4B8EE5D9741C}.Debug|Any CPU.Build.0 = Debug|Any CPU
		{29B87691-90DB-41C8-9D19-4B8EE5D9741C}.Release|Any CPU.ActiveCfg = Release|Any CPU
		{29B87691-90DB-41C8-9D19-4B8EE5D9741C}.Release|Any CPU.Build.0 = Release|Any CPU
		{5BDABAFF-024D-45D2-BEF1-82AA17850418}.Debug|Any CPU.ActiveCfg = Debug|Any CPU
		{5BDABAFF-024D-45D2-BEF1-82AA17850418}.Debug|Any CPU.Build.0 = Debug|Any CPU
		{5BDABAFF-024D-45D2-BEF1-82AA17850418}.Release|Any CPU.ActiveCfg = Release|Any CPU
		{5BDABAFF-024D-45D2-BEF1-82AA17850418}.Release|Any CPU.Build.0 = Release|Any CPU
		{D5FCD900-DE8E-4AE4-9E2E-F8D67B0BFECB}.Debug|Any CPU.ActiveCfg = Debug|Any CPU
		{D5FCD900-DE8E-4AE4-9E2E-F8D67B0BFECB}.Debug|Any CPU.Build.0 = Debug|Any CPU
		{D5FCD900-DE8E-4AE4-9E2E-F8D67B0BFECB}.Release|Any CPU.ActiveCfg = Release|Any CPU
		{D5FCD900-DE8E-4AE4-9E2E-F8D67B0BFECB}.Release|Any CPU.Build.0 = Release|Any CPU
		{225CC759-0461-4304-A11C-5D85F60247AD}.Debug|Any CPU.ActiveCfg = Debug|Any CPU
		{225CC759-0461-4304-A11C-5D85F60247AD}.Debug|Any CPU.Build.0 = Debug|Any CPU
		{225CC759-0461-4304-A11C-5D85F60247AD}.Release|Any CPU.ActiveCfg = Release|Any CPU
		{225CC759-0461-4304-A11C-5D85F60247AD}.Release|Any CPU.Build.0 = Release|Any CPU
		{92A71A5D-3C3F-42FB-9972-63B25AD80C54}.Debug|Any CPU.ActiveCfg = Debug|Any CPU
		{92A71A5D-3C3F-42FB-9972-63B25AD80C54}.Debug|Any CPU.Build.0 = Debug|Any CPU
		{92A71A5D-3C3F-42FB-9972-63B25AD80C54}.Release|Any CPU.ActiveCfg = Release|Any CPU
		{92A71A5D-3C3F-42FB-9972-63B25AD80C54}.Release|Any CPU.Build.0 = Release|Any CPU
		{F57E0760-7DE5-407D-8640-B07F8A48ED99}.Debug|Any CPU.ActiveCfg = Debug|Any CPU
		{F57E0760-7DE5-407D-8640-B07F8A48ED99}.Debug|Any CPU.Build.0 = Debug|Any CPU
		{F57E0760-7DE5-407D-8640-B07F8A48ED99}.Release|Any CPU.ActiveCfg = Release|Any CPU
		{F57E0760-7DE5-407D-8640-B07F8A48ED99}.Release|Any CPU.Build.0 = Release|Any CPU
	EndGlobalSection
	GlobalSection(SolutionProperties) = preSolution
		HideSolutionNode = FALSE
	EndGlobalSection
	GlobalSection(ExtensibilityGlobals) = postSolution
		SolutionGuid = {35EB43F3-B1F9-4A6B-B82C-3D9C5C45678E}
	EndGlobalSection
EndGlobal
