
Microsoft Visual Studio Solution File, Format Version 12.00
# Visual Studio Version 17
VisualStudioVersion = 17.0.31912.275
MinimumVisualStudioVersion = 10.0.40219.1
Project("{9A19103F-16F7-4668-BE54-9A1E7A4F7556}") = "Day1_InverseCaptcha", "Day1_InverseCaptcha\Day1_InverseCaptcha.csproj", "{DE17AE22-0023-41FB-8D61-BCC3197F484D}"
EndProject
Project("{9A19103F-16F7-4668-BE54-9A1E7A4F7556}") = "SantasToolbox", "SantasToolbox\SantasToolbox.csproj", "{460D6357-486B-48A0-A952-A7015BFCB906}"
EndProject
Project("{9A19103F-16F7-4668-BE54-9A1E7A4F7556}") = "SantasToolBoxTests", "SantasToolBoxTests\SantasToolBoxTests.csproj", "{29B87691-90DB-41C8-9D19-4B8EE5D9741C}"
EndProject
Project("{9A19103F-16F7-4668-BE54-9A1E7A4F7556}") = "Day_Template", "Day_Template\Day_Template.csproj", "{5BDABAFF-024D-45D2-BEF1-82AA17850418}"
EndProject
Project("{9A19103F-16F7-4668-BE54-9A1E7A4F7556}") = "Day2_Checksum", "Day2_Checksum\Day2_Checksum.csproj", "{D5FCD900-DE8E-4AE4-9E2E-F8D67B0BFECB}"
EndProject
Project("{9A19103F-16F7-4668-BE54-9A1E7A4F7556}") = "Day3_Spiral", "Day3_Spiral\Day3_Spiral.csproj", "{225CC759-0461-4304-A11C-5D85F60247AD}"
EndProject
Project("{9A19103F-16F7-4668-BE54-9A1E7A4F7556}") = "Day4_Passphrases", "Day4_Passphrases\Day4_Passphrases.csproj", "{92A71A5D-3C3F-42FB-9972-63B25AD80C54}"
EndProject
Project("{9A19103F-16F7-4668-BE54-9A1E7A4F7556}") = "Day5_JumpMaze", "Day5_JumpMaze\Day5_JumpMaze.csproj", "{F57E0760-7DE5-407D-8640-B07F8A48ED99}"
EndProject
Project("{9A19103F-16F7-4668-BE54-9A1E7A4F7556}") = "Day6_MemoryBalancer", "Day6_MemoryBalancer\Day6_MemoryBalancer.csproj", "{04F34E23-0EF2-4400-ADA1-A592FC459119}"
EndProject
Project("{9A19103F-16F7-4668-BE54-9A1E7A4F7556}") = "Day7_ProgramTree", "Day7_ProgramTree\Day7_ProgramTree.csproj", "{0B21984D-B9EE-411F-88A8-0D2736D2D7B3}"
EndProject
Project("{9A19103F-16F7-4668-BE54-9A1E7A4F7556}") = "Day8_Registers", "Day8_Registers\Day8_Registers.csproj", "{C3207652-0EAC-4EC9-86C6-C76A45D08CB6}"
EndProject
Project("{9A19103F-16F7-4668-BE54-9A1E7A4F7556}") = "Day9_Stream", "Day9_Stream\Day9_Stream.csproj", "{5E0E01D8-FB69-4AEE-962F-9A45AAEE6F61}"
EndProject
Project("{9A19103F-16F7-4668-BE54-9A1E7A4F7556}") = "Day10_Knots", "Day10_Knots\Day10_Knots.csproj", "{737F2B0A-2BD6-46ED-9257-98E31B0948F2}"
EndProject
Project("{9A19103F-16F7-4668-BE54-9A1E7A4F7556}") = "Day11_Hex", "Day11_Hex\Day11_Hex.csproj", "{20FE31D0-C350-4F1D-BBF3-107C40057392}"
EndProject
Project("{9A19103F-16F7-4668-BE54-9A1E7A4F7556}") = "Day12_Pipes", "Day12_Pipes\Day12_Pipes.csproj", "{CD5FF409-AD4E-4E22-9C1A-85F44082B1B7}"
EndProject
Project("{9A19103F-16F7-4668-BE54-9A1E7A4F7556}") = "Day13_Scanners", "Day13_Scanners\Day13_Scanners.csproj", "{118FD9BD-032F-4B08-A06E-9DFA05A0D727}"
EndProject
Project("{9A19103F-16F7-4668-BE54-9A1E7A4F7556}") = "Day14_Defrag", "Day14_Defrag\Day14_Defrag.csproj", "{D3BA03E4-6123-4A39-9927-F726B1A5A4BB}"
EndProject
Global
	GlobalSection(SolutionConfigurationPlatforms) = preSolution
		Debug|Any CPU = Debug|Any CPU
		Release|Any CPU = Release|Any CPU
	EndGlobalSection
	GlobalSection(ProjectConfigurationPlatforms) = postSolution
		{DE17AE22-0023-41FB-8D61-BCC3197F484D}.Debug|Any CPU.ActiveCfg = Debug|Any CPU
		{DE17AE22-0023-41FB-8D61-BCC3197F484D}.Debug|Any CPU.Build.0 = Debug|Any CPU
		{DE17AE22-0023-41FB-8D61-BCC3197F484D}.Release|Any CPU.ActiveCfg = Release|Any CPU
		{DE17AE22-0023-41FB-8D61-BCC3197F484D}.Release|Any CPU.Build.0 = Release|Any CPU
		{460D6357-486B-48A0-A952-A7015BFCB906}.Debug|Any CPU.ActiveCfg = Debug|Any CPU
		{460D6357-486B-48A0-A952-A7015BFCB906}.Debug|Any CPU.Build.0 = Debug|Any CPU
		{460D6357-486B-48A0-A952-A7015BFCB906}.Release|Any CPU.ActiveCfg = Release|Any CPU
		{460D6357-486B-48A0-A952-A7015BFCB906}.Release|Any CPU.Build.0 = Release|Any CPU
		{29B87691-90DB-41C8-9D19-4B8EE5D9741C}.Debug|Any CPU.ActiveCfg = Debug|Any CPU
		{29B87691-90DB-41C8-9D19-4B8EE5D9741C}.Debug|Any CPU.Build.0 = Debug|Any CPU
		{29B87691-90DB-41C8-9D19-4B8EE5D9741C}.Release|Any CPU.ActiveCfg = Release|Any CPU
		{29B87691-90DB-41C8-9D19-4B8EE5D9741C}.Release|Any CPU.Build.0 = Release|Any CPU
		{5BDABAFF-024D-45D2-BEF1-82AA17850418}.Debug|Any CPU.ActiveCfg = Debug|Any CPU
		{5BDABAFF-024D-45D2-BEF1-82AA17850418}.Debug|Any CPU.Build.0 = Debug|Any CPU
		{5BDABAFF-024D-45D2-BEF1-82AA17850418}.Release|Any CPU.ActiveCfg = Release|Any CPU
		{5BDABAFF-024D-45D2-BEF1-82AA17850418}.Release|Any CPU.Build.0 = Release|Any CPU
		{D5FCD900-DE8E-4AE4-9E2E-F8D67B0BFECB}.Debug|Any CPU.ActiveCfg = Debug|Any CPU
		{D5FCD900-DE8E-4AE4-9E2E-F8D67B0BFECB}.Debug|Any CPU.Build.0 = Debug|Any CPU
		{D5FCD900-DE8E-4AE4-9E2E-F8D67B0BFECB}.Release|Any CPU.ActiveCfg = Release|Any CPU
		{D5FCD900-DE8E-4AE4-9E2E-F8D67B0BFECB}.Release|Any CPU.Build.0 = Release|Any CPU
		{225CC759-0461-4304-A11C-5D85F60247AD}.Debug|Any CPU.ActiveCfg = Debug|Any CPU
		{225CC759-0461-4304-A11C-5D85F60247AD}.Debug|Any CPU.Build.0 = Debug|Any CPU
		{225CC759-0461-4304-A11C-5D85F60247AD}.Release|Any CPU.ActiveCfg = Release|Any CPU
		{225CC759-0461-4304-A11C-5D85F60247AD}.Release|Any CPU.Build.0 = Release|Any CPU
		{92A71A5D-3C3F-42FB-9972-63B25AD80C54}.Debug|Any CPU.ActiveCfg = Debug|Any CPU
		{92A71A5D-3C3F-42FB-9972-63B25AD80C54}.Debug|Any CPU.Build.0 = Debug|Any CPU
		{92A71A5D-3C3F-42FB-9972-63B25AD80C54}.Release|Any CPU.ActiveCfg = Release|Any CPU
		{92A71A5D-3C3F-42FB-9972-63B25AD80C54}.Release|Any CPU.Build.0 = Release|Any CPU
		{F57E0760-7DE5-407D-8640-B07F8A48ED99}.Debug|Any CPU.ActiveCfg = Debug|Any CPU
		{F57E0760-7DE5-407D-8640-B07F8A48ED99}.Debug|Any CPU.Build.0 = Debug|Any CPU
		{F57E0760-7DE5-407D-8640-B07F8A48ED99}.Release|Any CPU.ActiveCfg = Release|Any CPU
		{F57E0760-7DE5-407D-8640-B07F8A48ED99}.Release|Any CPU.Build.0 = Release|Any CPU
		{04F34E23-0EF2-4400-ADA1-A592FC459119}.Debug|Any CPU.ActiveCfg = Debug|Any CPU
		{04F34E23-0EF2-4400-ADA1-A592FC459119}.Debug|Any CPU.Build.0 = Debug|Any CPU
		{04F34E23-0EF2-4400-ADA1-A592FC459119}.Release|Any CPU.ActiveCfg = Release|Any CPU
		{04F34E23-0EF2-4400-ADA1-A592FC459119}.Release|Any CPU.Build.0 = Release|Any CPU
		{0B21984D-B9EE-411F-88A8-0D2736D2D7B3}.Debug|Any CPU.ActiveCfg = Debug|Any CPU
		{0B21984D-B9EE-411F-88A8-0D2736D2D7B3}.Debug|Any CPU.Build.0 = Debug|Any CPU
		{0B21984D-B9EE-411F-88A8-0D2736D2D7B3}.Release|Any CPU.ActiveCfg = Release|Any CPU
		{0B21984D-B9EE-411F-88A8-0D2736D2D7B3}.Release|Any CPU.Build.0 = Release|Any CPU
		{C3207652-0EAC-4EC9-86C6-C76A45D08CB6}.Debug|Any CPU.ActiveCfg = Debug|Any CPU
		{C3207652-0EAC-4EC9-86C6-C76A45D08CB6}.Debug|Any CPU.Build.0 = Debug|Any CPU
		{C3207652-0EAC-4EC9-86C6-C76A45D08CB6}.Release|Any CPU.ActiveCfg = Release|Any CPU
		{C3207652-0EAC-4EC9-86C6-C76A45D08CB6}.Release|Any CPU.Build.0 = Release|Any CPU
		{5E0E01D8-FB69-4AEE-962F-9A45AAEE6F61}.Debug|Any CPU.ActiveCfg = Debug|Any CPU
		{5E0E01D8-FB69-4AEE-962F-9A45AAEE6F61}.Debug|Any CPU.Build.0 = Debug|Any CPU
		{5E0E01D8-FB69-4AEE-962F-9A45AAEE6F61}.Release|Any CPU.ActiveCfg = Release|Any CPU
		{5E0E01D8-FB69-4AEE-962F-9A45AAEE6F61}.Release|Any CPU.Build.0 = Release|Any CPU
		{737F2B0A-2BD6-46ED-9257-98E31B0948F2}.Debug|Any CPU.ActiveCfg = Debug|Any CPU
		{737F2B0A-2BD6-46ED-9257-98E31B0948F2}.Debug|Any CPU.Build.0 = Debug|Any CPU
		{737F2B0A-2BD6-46ED-9257-98E31B0948F2}.Release|Any CPU.ActiveCfg = Release|Any CPU
		{737F2B0A-2BD6-46ED-9257-98E31B0948F2}.Release|Any CPU.Build.0 = Release|Any CPU
		{20FE31D0-C350-4F1D-BBF3-107C40057392}.Debug|Any CPU.ActiveCfg = Debug|Any CPU
		{20FE31D0-C350-4F1D-BBF3-107C40057392}.Debug|Any CPU.Build.0 = Debug|Any CPU
		{20FE31D0-C350-4F1D-BBF3-107C40057392}.Release|Any CPU.ActiveCfg = Release|Any CPU
		{20FE31D0-C350-4F1D-BBF3-107C40057392}.Release|Any CPU.Build.0 = Release|Any CPU
		{CD5FF409-AD4E-4E22-9C1A-85F44082B1B7}.Debug|Any CPU.ActiveCfg = Debug|Any CPU
		{CD5FF409-AD4E-4E22-9C1A-85F44082B1B7}.Debug|Any CPU.Build.0 = Debug|Any CPU
		{CD5FF409-AD4E-4E22-9C1A-85F44082B1B7}.Release|Any CPU.ActiveCfg = Release|Any CPU
		{CD5FF409-AD4E-4E22-9C1A-85F44082B1B7}.Release|Any CPU.Build.0 = Release|Any CPU
		{118FD9BD-032F-4B08-A06E-9DFA05A0D727}.Debug|Any CPU.ActiveCfg = Debug|Any CPU
		{118FD9BD-032F-4B08-A06E-9DFA05A0D727}.Debug|Any CPU.Build.0 = Debug|Any CPU
		{118FD9BD-032F-4B08-A06E-9DFA05A0D727}.Release|Any CPU.ActiveCfg = Release|Any CPU
		{118FD9BD-032F-4B08-A06E-9DFA05A0D727}.Release|Any CPU.Build.0 = Release|Any CPU
		{D3BA03E4-6123-4A39-9927-F726B1A5A4BB}.Debug|Any CPU.ActiveCfg = Debug|Any CPU
		{D3BA03E4-6123-4A39-9927-F726B1A5A4BB}.Debug|Any CPU.Build.0 = Debug|Any CPU
		{D3BA03E4-6123-4A39-9927-F726B1A5A4BB}.Release|Any CPU.ActiveCfg = Release|Any CPU
		{D3BA03E4-6123-4A39-9927-F726B1A5A4BB}.Release|Any CPU.Build.0 = Release|Any CPU
	EndGlobalSection
	GlobalSection(SolutionProperties) = preSolution
		HideSolutionNode = FALSE
	EndGlobalSection
	GlobalSection(ExtensibilityGlobals) = postSolution
		SolutionGuid = {35EB43F3-B1F9-4A6B-B82C-3D9C5C45678E}
	EndGlobalSection
EndGlobal
